
Microsoft Visual Studio Solution File, Format Version 12.00
# Visual Studio 15
VisualStudioVersion = 15.0.28010.2016
MinimumVisualStudioVersion = 10.0.40219.1
Project("{FAE04EC0-301F-11D3-BF4B-00C04F79EFBC}") = "SSLChallenge", "SSLChallenge\SSLChallenge.csproj", "{EE780652-EE14-4B1A-9CE1-DBED66116D55}"
EndProject
Project("{00D1A9C2-B5F0-4AF3-8072-F6C62B433612}") = "SSLDatabase", "SSLDatabase\SSLDatabase.sqlproj", "{124E8956-8911-4A7A-8677-37FC95FCB656}"
EndProject
Global
	GlobalSection(SolutionConfigurationPlatforms) = preSolution
		Debug|Any CPU = Debug|Any CPU
		Release|Any CPU = Release|Any CPU
	EndGlobalSection
	GlobalSection(ProjectConfigurationPlatforms) = postSolution
		{EE780652-EE14-4B1A-9CE1-DBED66116D55}.Debug|Any CPU.ActiveCfg = Debug|Any CPU
		{EE780652-EE14-4B1A-9CE1-DBED66116D55}.Debug|Any CPU.Build.0 = Debug|Any CPU
		{EE780652-EE14-4B1A-9CE1-DBED66116D55}.Release|Any CPU.ActiveCfg = Release|Any CPU
		{EE780652-EE14-4B1A-9CE1-DBED66116D55}.Release|Any CPU.Build.0 = Release|Any CPU
		{124E8956-8911-4A7A-8677-37FC95FCB656}.Debug|Any CPU.ActiveCfg = Debug|Any CPU
		{124E8956-8911-4A7A-8677-37FC95FCB656}.Debug|Any CPU.Build.0 = Debug|Any CPU
		{124E8956-8911-4A7A-8677-37FC95FCB656}.Debug|Any CPU.Deploy.0 = Debug|Any CPU
		{124E8956-8911-4A7A-8677-37FC95FCB656}.Release|Any CPU.ActiveCfg = Release|Any CPU
		{124E8956-8911-4A7A-8677-37FC95FCB656}.Release|Any CPU.Build.0 = Release|Any CPU
		{124E8956-8911-4A7A-8677-37FC95FCB656}.Release|Any CPU.Deploy.0 = Release|Any CPU
	EndGlobalSection
	GlobalSection(SolutionProperties) = preSolution
		HideSolutionNode = FALSE
	EndGlobalSection
	GlobalSection(ExtensibilityGlobals) = postSolution
		SolutionGuid = {DB2FAA6D-D844-4DDF-B0F0-52CDF7AAB934}
	EndGlobalSection
EndGlobal
